
Microsoft Visual Studio Solution File, Format Version 12.00
# Visual Studio 15
VisualStudioVersion = 15.0.27428.2002
MinimumVisualStudioVersion = 10.0.40219.1
Project("{FAE04EC0-301F-11D3-BF4B-00C04F79EFBC}") = "SyrusLeapServer", "SyrusLeapServer\SyrusLeapServer.csproj", "{35FB1B82-28A7-4AD8-99A9-95B6FD967ACA}"
EndProject
Project("{FAE04EC0-301F-11D3-BF4B-00C04F79EFBC}") = "SyrusLeapClient", "SyrusLeapClient\SyrusLeapClient.csproj", "{AF76136B-0A9B-47EF-93EF-A24C088B4626}"
EndProject
Project("{FAE04EC0-301F-11D3-BF4B-00C04F79EFBC}") = "SyrusLeapCommon", "SyrusLeapCommon\SyrusLeapCommon.csproj", "{6D1D2CB6-0A42-4D15-9A76-5E43C875EB2D}"
EndProject
Global
	GlobalSection(SolutionConfigurationPlatforms) = preSolution
		Debug|Any CPU = Debug|Any CPU
		Debug|ARM = Debug|ARM
		Debug|x64 = Debug|x64
		Debug|x86 = Debug|x86
		Release|Any CPU = Release|Any CPU
		Release|ARM = Release|ARM
		Release|x64 = Release|x64
		Release|x86 = Release|x86
	EndGlobalSection
	GlobalSection(ProjectConfigurationPlatforms) = postSolution
		{35FB1B82-28A7-4AD8-99A9-95B6FD967ACA}.Debug|Any CPU.ActiveCfg = Debug|x86
		{35FB1B82-28A7-4AD8-99A9-95B6FD967ACA}.Debug|ARM.ActiveCfg = Debug|ARM
		{35FB1B82-28A7-4AD8-99A9-95B6FD967ACA}.Debug|ARM.Build.0 = Debug|ARM
		{35FB1B82-28A7-4AD8-99A9-95B6FD967ACA}.Debug|ARM.Deploy.0 = Debug|ARM
		{35FB1B82-28A7-4AD8-99A9-95B6FD967ACA}.Debug|x64.ActiveCfg = Debug|x64
		{35FB1B82-28A7-4AD8-99A9-95B6FD967ACA}.Debug|x64.Build.0 = Debug|x64
		{35FB1B82-28A7-4AD8-99A9-95B6FD967ACA}.Debug|x64.Deploy.0 = Debug|x64
		{35FB1B82-28A7-4AD8-99A9-95B6FD967ACA}.Debug|x86.ActiveCfg = Debug|x86
		{35FB1B82-28A7-4AD8-99A9-95B6FD967ACA}.Debug|x86.Build.0 = Debug|x86
		{35FB1B82-28A7-4AD8-99A9-95B6FD967ACA}.Debug|x86.Deploy.0 = Debug|x86
		{35FB1B82-28A7-4AD8-99A9-95B6FD967ACA}.Release|Any CPU.ActiveCfg = Release|x86
		{35FB1B82-28A7-4AD8-99A9-95B6FD967ACA}.Release|ARM.ActiveCfg = Release|ARM
		{35FB1B82-28A7-4AD8-99A9-95B6FD967ACA}.Release|ARM.Build.0 = Release|ARM
		{35FB1B82-28A7-4AD8-99A9-95B6FD967ACA}.Release|ARM.Deploy.0 = Release|ARM
		{35FB1B82-28A7-4AD8-99A9-95B6FD967ACA}.Release|x64.ActiveCfg = Release|x64
		{35FB1B82-28A7-4AD8-99A9-95B6FD967ACA}.Release|x64.Build.0 = Release|x64
		{35FB1B82-28A7-4AD8-99A9-95B6FD967ACA}.Release|x64.Deploy.0 = Release|x64
		{35FB1B82-28A7-4AD8-99A9-95B6FD967ACA}.Release|x86.ActiveCfg = Release|x86
		{35FB1B82-28A7-4AD8-99A9-95B6FD967ACA}.Release|x86.Build.0 = Release|x86
		{35FB1B82-28A7-4AD8-99A9-95B6FD967ACA}.Release|x86.Deploy.0 = Release|x86
		{AF76136B-0A9B-47EF-93EF-A24C088B4626}.Debug|Any CPU.ActiveCfg = Debug|x86
		{AF76136B-0A9B-47EF-93EF-A24C088B4626}.Debug|ARM.ActiveCfg = Debug|ARM
		{AF76136B-0A9B-47EF-93EF-A24C088B4626}.Debug|ARM.Build.0 = Debug|ARM
		{AF76136B-0A9B-47EF-93EF-A24C088B4626}.Debug|ARM.Deploy.0 = Debug|ARM
		{AF76136B-0A9B-47EF-93EF-A24C088B4626}.Debug|x64.ActiveCfg = Debug|x64
		{AF76136B-0A9B-47EF-93EF-A24C088B4626}.Debug|x64.Build.0 = Debug|x64
		{AF76136B-0A9B-47EF-93EF-A24C088B4626}.Debug|x64.Deploy.0 = Debug|x64
		{AF76136B-0A9B-47EF-93EF-A24C088B4626}.Debug|x86.ActiveCfg = Debug|x86
		{AF76136B-0A9B-47EF-93EF-A24C088B4626}.Debug|x86.Build.0 = Debug|x86
		{AF76136B-0A9B-47EF-93EF-A24C088B4626}.Debug|x86.Deploy.0 = Debug|x86
		{AF76136B-0A9B-47EF-93EF-A24C088B4626}.Release|Any CPU.ActiveCfg = Release|x86
		{AF76136B-0A9B-47EF-93EF-A24C088B4626}.Release|ARM.ActiveCfg = Release|ARM
		{AF76136B-0A9B-47EF-93EF-A24C088B4626}.Release|ARM.Build.0 = Release|ARM
		{AF76136B-0A9B-47EF-93EF-A24C088B4626}.Release|ARM.Deploy.0 = Release|ARM
		{AF76136B-0A9B-47EF-93EF-A24C088B4626}.Release|x64.ActiveCfg = Release|x64
		{AF76136B-0A9B-47EF-93EF-A24C088B4626}.Release|x64.Build.0 = Release|x64
		{AF76136B-0A9B-47EF-93EF-A24C088B4626}.Release|x64.Deploy.0 = Release|x64
		{AF76136B-0A9B-47EF-93EF-A24C088B4626}.Release|x86.ActiveCfg = Release|x86
		{AF76136B-0A9B-47EF-93EF-A24C088B4626}.Release|x86.Build.0 = Release|x86
		{AF76136B-0A9B-47EF-93EF-A24C088B4626}.Release|x86.Deploy.0 = Release|x86
		{6D1D2CB6-0A42-4D15-9A76-5E43C875EB2D}.Debug|Any CPU.ActiveCfg = Debug|Any CPU
		{6D1D2CB6-0A42-4D15-9A76-5E43C875EB2D}.Debug|Any CPU.Build.0 = Debug|Any CPU
		{6D1D2CB6-0A42-4D15-9A76-5E43C875EB2D}.Debug|ARM.ActiveCfg = Debug|ARM
		{6D1D2CB6-0A42-4D15-9A76-5E43C875EB2D}.Debug|ARM.Build.0 = Debug|ARM
		{6D1D2CB6-0A42-4D15-9A76-5E43C875EB2D}.Debug|x64.ActiveCfg = Debug|x64
		{6D1D2CB6-0A42-4D15-9A76-5E43C875EB2D}.Debug|x64.Build.0 = Debug|x64
		{6D1D2CB6-0A42-4D15-9A76-5E43C875EB2D}.Debug|x86.ActiveCfg = Debug|x86
		{6D1D2CB6-0A42-4D15-9A76-5E43C875EB2D}.Debug|x86.Build.0 = Debug|x86
		{6D1D2CB6-0A42-4D15-9A76-5E43C875EB2D}.Release|Any CPU.ActiveCfg = Release|Any CPU
		{6D1D2CB6-0A42-4D15-9A76-5E43C875EB2D}.Release|Any CPU.Build.0 = Release|Any CPU
		{6D1D2CB6-0A42-4D15-9A76-5E43C875EB2D}.Release|ARM.ActiveCfg = Release|ARM
		{6D1D2CB6-0A42-4D15-9A76-5E43C875EB2D}.Release|ARM.Build.0 = Release|ARM
		{6D1D2CB6-0A42-4D15-9A76-5E43C875EB2D}.Release|x64.ActiveCfg = Release|x64
		{6D1D2CB6-0A42-4D15-9A76-5E43C875EB2D}.Release|x64.Build.0 = Release|x64
		{6D1D2CB6-0A42-4D15-9A76-5E43C875EB2D}.Release|x86.ActiveCfg = Release|x86
		{6D1D2CB6-0A42-4D15-9A76-5E43C875EB2D}.Release|x86.Build.0 = Release|x86
	EndGlobalSection
	GlobalSection(SolutionProperties) = preSolution
		HideSolutionNode = FALSE
	EndGlobalSection
	GlobalSection(ExtensibilityGlobals) = postSolution
		SolutionGuid = {7703E657-5B30-42E3-9C82-1B4BBD8F520B}
	EndGlobalSection
EndGlobal
