
Microsoft Visual Studio Solution File, Format Version 12.00
# Visual Studio 15
VisualStudioVersion = 15.0.27428.2002
MinimumVisualStudioVersion = 10.0.40219.1
Project("{FAE04EC0-301F-11D3-BF4B-00C04F79EFBC}") = "SyrusLeapServer", "SyrusLeapServer\SyrusLeapServer.csproj", "{545200F6-FBBF-4AC9-B267-BED2119D5E07}"
EndProject
Project("{FAE04EC0-301F-11D3-BF4B-00C04F79EFBC}") = "SyrusLeapClient", "SyrusLeapClient\SyrusLeapClient.csproj", "{CE69A3DE-DDAD-4793-B499-E0CC404C5F94}"
EndProject
Project("{FAE04EC0-301F-11D3-BF4B-00C04F79EFBC}") = "SyrusLeapClientGUI", "SyrusLeapClientGUI\SyrusLeapClientGUI.csproj", "{02A65D54-7A70-4200-9FA9-8E52FD082304}"
EndProject
Global
	GlobalSection(SolutionConfigurationPlatforms) = preSolution
		Debug|Any CPU = Debug|Any CPU
		Debug|ARM = Debug|ARM
		Debug|x64 = Debug|x64
		Debug|x86 = Debug|x86
		Release|Any CPU = Release|Any CPU
		Release|ARM = Release|ARM
		Release|x64 = Release|x64
		Release|x86 = Release|x86
	EndGlobalSection
	GlobalSection(ProjectConfigurationPlatforms) = postSolution
		{545200F6-FBBF-4AC9-B267-BED2119D5E07}.Debug|Any CPU.ActiveCfg = Debug|Any CPU
		{545200F6-FBBF-4AC9-B267-BED2119D5E07}.Debug|Any CPU.Build.0 = Debug|Any CPU
		{545200F6-FBBF-4AC9-B267-BED2119D5E07}.Debug|ARM.ActiveCfg = Debug|Any CPU
		{545200F6-FBBF-4AC9-B267-BED2119D5E07}.Debug|ARM.Build.0 = Debug|Any CPU
		{545200F6-FBBF-4AC9-B267-BED2119D5E07}.Debug|x64.ActiveCfg = Debug|Any CPU
		{545200F6-FBBF-4AC9-B267-BED2119D5E07}.Debug|x64.Build.0 = Debug|Any CPU
		{545200F6-FBBF-4AC9-B267-BED2119D5E07}.Debug|x86.ActiveCfg = Debug|Any CPU
		{545200F6-FBBF-4AC9-B267-BED2119D5E07}.Debug|x86.Build.0 = Debug|Any CPU
		{545200F6-FBBF-4AC9-B267-BED2119D5E07}.Release|Any CPU.ActiveCfg = Release|Any CPU
		{545200F6-FBBF-4AC9-B267-BED2119D5E07}.Release|Any CPU.Build.0 = Release|Any CPU
		{545200F6-FBBF-4AC9-B267-BED2119D5E07}.Release|ARM.ActiveCfg = Release|Any CPU
		{545200F6-FBBF-4AC9-B267-BED2119D5E07}.Release|ARM.Build.0 = Release|Any CPU
		{545200F6-FBBF-4AC9-B267-BED2119D5E07}.Release|x64.ActiveCfg = Release|Any CPU
		{545200F6-FBBF-4AC9-B267-BED2119D5E07}.Release|x64.Build.0 = Release|Any CPU
		{545200F6-FBBF-4AC9-B267-BED2119D5E07}.Release|x86.ActiveCfg = Release|Any CPU
		{545200F6-FBBF-4AC9-B267-BED2119D5E07}.Release|x86.Build.0 = Release|Any CPU
		{CE69A3DE-DDAD-4793-B499-E0CC404C5F94}.Debug|Any CPU.ActiveCfg = Debug|Any CPU
		{CE69A3DE-DDAD-4793-B499-E0CC404C5F94}.Debug|Any CPU.Build.0 = Debug|Any CPU
		{CE69A3DE-DDAD-4793-B499-E0CC404C5F94}.Debug|ARM.ActiveCfg = Debug|ARM
		{CE69A3DE-DDAD-4793-B499-E0CC404C5F94}.Debug|ARM.Build.0 = Debug|ARM
		{CE69A3DE-DDAD-4793-B499-E0CC404C5F94}.Debug|x64.ActiveCfg = Debug|x64
		{CE69A3DE-DDAD-4793-B499-E0CC404C5F94}.Debug|x64.Build.0 = Debug|x64
		{CE69A3DE-DDAD-4793-B499-E0CC404C5F94}.Debug|x86.ActiveCfg = Debug|x86
		{CE69A3DE-DDAD-4793-B499-E0CC404C5F94}.Debug|x86.Build.0 = Debug|x86
		{CE69A3DE-DDAD-4793-B499-E0CC404C5F94}.Release|Any CPU.ActiveCfg = Release|Any CPU
		{CE69A3DE-DDAD-4793-B499-E0CC404C5F94}.Release|Any CPU.Build.0 = Release|Any CPU
		{CE69A3DE-DDAD-4793-B499-E0CC404C5F94}.Release|ARM.ActiveCfg = Release|ARM
		{CE69A3DE-DDAD-4793-B499-E0CC404C5F94}.Release|ARM.Build.0 = Release|ARM
		{CE69A3DE-DDAD-4793-B499-E0CC404C5F94}.Release|x64.ActiveCfg = Release|x64
		{CE69A3DE-DDAD-4793-B499-E0CC404C5F94}.Release|x64.Build.0 = Release|x64
		{CE69A3DE-DDAD-4793-B499-E0CC404C5F94}.Release|x86.ActiveCfg = Release|x86
		{CE69A3DE-DDAD-4793-B499-E0CC404C5F94}.Release|x86.Build.0 = Release|x86
		{02A65D54-7A70-4200-9FA9-8E52FD082304}.Debug|Any CPU.ActiveCfg = Debug|x86
		{02A65D54-7A70-4200-9FA9-8E52FD082304}.Debug|ARM.ActiveCfg = Debug|ARM
		{02A65D54-7A70-4200-9FA9-8E52FD082304}.Debug|ARM.Build.0 = Debug|ARM
		{02A65D54-7A70-4200-9FA9-8E52FD082304}.Debug|ARM.Deploy.0 = Debug|ARM
		{02A65D54-7A70-4200-9FA9-8E52FD082304}.Debug|x64.ActiveCfg = Debug|x64
		{02A65D54-7A70-4200-9FA9-8E52FD082304}.Debug|x64.Build.0 = Debug|x64
		{02A65D54-7A70-4200-9FA9-8E52FD082304}.Debug|x64.Deploy.0 = Debug|x64
		{02A65D54-7A70-4200-9FA9-8E52FD082304}.Debug|x86.ActiveCfg = Debug|x86
		{02A65D54-7A70-4200-9FA9-8E52FD082304}.Debug|x86.Build.0 = Debug|x86
		{02A65D54-7A70-4200-9FA9-8E52FD082304}.Debug|x86.Deploy.0 = Debug|x86
		{02A65D54-7A70-4200-9FA9-8E52FD082304}.Release|Any CPU.ActiveCfg = Release|x86
		{02A65D54-7A70-4200-9FA9-8E52FD082304}.Release|Any CPU.Build.0 = Release|x86
		{02A65D54-7A70-4200-9FA9-8E52FD082304}.Release|Any CPU.Deploy.0 = Release|x86
		{02A65D54-7A70-4200-9FA9-8E52FD082304}.Release|ARM.ActiveCfg = Release|ARM
		{02A65D54-7A70-4200-9FA9-8E52FD082304}.Release|ARM.Build.0 = Release|ARM
		{02A65D54-7A70-4200-9FA9-8E52FD082304}.Release|ARM.Deploy.0 = Release|ARM
		{02A65D54-7A70-4200-9FA9-8E52FD082304}.Release|x64.ActiveCfg = Release|x64
		{02A65D54-7A70-4200-9FA9-8E52FD082304}.Release|x64.Build.0 = Release|x64
		{02A65D54-7A70-4200-9FA9-8E52FD082304}.Release|x64.Deploy.0 = Release|x64
		{02A65D54-7A70-4200-9FA9-8E52FD082304}.Release|x86.ActiveCfg = Release|x86
		{02A65D54-7A70-4200-9FA9-8E52FD082304}.Release|x86.Build.0 = Release|x86
		{02A65D54-7A70-4200-9FA9-8E52FD082304}.Release|x86.Deploy.0 = Release|x86
	EndGlobalSection
	GlobalSection(SolutionProperties) = preSolution
		HideSolutionNode = FALSE
	EndGlobalSection
	GlobalSection(ExtensibilityGlobals) = postSolution
		SolutionGuid = {6A5D4517-8296-4859-A424-0529E48B1FB3}
	EndGlobalSection
EndGlobal
